// !$*UTF8*$!
{
	archiveVersion = 1;
	classes = {
	};
	objectVersion = 46;
	objects = {

/* Begin PBXBuildFile section */
		24A081D61BE48C90002DCFA7 /* main.m in Sources */ = {isa = PBXBuildFile; fileRef = 24A081D51BE48C90002DCFA7 /* main.m */; };
		24A081D91BE48C90002DCFA7 /* AppDelegate.m in Sources */ = {isa = PBXBuildFile; fileRef = 24A081D81BE48C90002DCFA7 /* AppDelegate.m */; };
		24A081DC1BE48C90002DCFA7 /* ViewController.m in Sources */ = {isa = PBXBuildFile; fileRef = 24A081DB1BE48C90002DCFA7 /* ViewController.m */; };
		24A081DF1BE48C90002DCFA7 /* Main.storyboard in Resources */ = {isa = PBXBuildFile; fileRef = 24A081DD1BE48C90002DCFA7 /* Main.storyboard */; };
		24A081E11BE48C90002DCFA7 /* Assets.xcassets in Resources */ = {isa = PBXBuildFile; fileRef = 24A081E01BE48C90002DCFA7 /* Assets.xcassets */; };
		24A081E41BE48C90002DCFA7 /* LaunchScreen.storyboard in Resources */ = {isa = PBXBuildFile; fileRef = 24A081E21BE48C90002DCFA7 /* LaunchScreen.storyboard */; };
		24A082001BE495DF002DCFA7 /* buyao.wav in Resources */ = {isa = PBXBuildFile; fileRef = 24A081EC1BE495DF002DCFA7 /* buyao.wav */; settings = {ASSET_TAGS = (); }; };
		24A082011BE495DF002DCFA7 /* lose.aac in Resources */ = {isa = PBXBuildFile; fileRef = 24A081ED1BE495DF002DCFA7 /* lose.aac */; settings = {ASSET_TAGS = (); }; };
		24A082021BE495DF002DCFA7 /* m_03.wav in Resources */ = {isa = PBXBuildFile; fileRef = 24A081EE1BE495DF002DCFA7 /* m_03.wav */; settings = {ASSET_TAGS = (); }; };
		24A082031BE495DF002DCFA7 /* m_04.wav in Resources */ = {isa = PBXBuildFile; fileRef = 24A081EF1BE495DF002DCFA7 /* m_04.wav */; settings = {ASSET_TAGS = (); }; };
		24A082041BE495DF002DCFA7 /* m_05.wav in Resources */ = {isa = PBXBuildFile; fileRef = 24A081F01BE495DF002DCFA7 /* m_05.wav */; settings = {ASSET_TAGS = (); }; };
		24A082051BE495DF002DCFA7 /* m_06.wav in Resources */ = {isa = PBXBuildFile; fileRef = 24A081F11BE495DF002DCFA7 /* m_06.wav */; settings = {ASSET_TAGS = (); }; };
		24A082061BE495DF002DCFA7 /* m_07.wav in Resources */ = {isa = PBXBuildFile; fileRef = 24A081F21BE495DF002DCFA7 /* m_07.wav */; settings = {ASSET_TAGS = (); }; };
		24A082071BE495DF002DCFA7 /* m_08.wav in Resources */ = {isa = PBXBuildFile; fileRef = 24A081F31BE495DF002DCFA7 /* m_08.wav */; settings = {ASSET_TAGS = (); }; };
		24A082081BE495DF002DCFA7 /* m_09.wav in Resources */ = {isa = PBXBuildFile; fileRef = 24A081F41BE495DF002DCFA7 /* m_09.wav */; settings = {ASSET_TAGS = (); }; };
		24A082091BE495DF002DCFA7 /* m_10.wav in Resources */ = {isa = PBXBuildFile; fileRef = 24A081F51BE495DF002DCFA7 /* m_10.wav */; settings = {ASSET_TAGS = (); }; };
		24A0820A1BE495DF002DCFA7 /* m_11.wav in Resources */ = {isa = PBXBuildFile; fileRef = 24A081F61BE495DF002DCFA7 /* m_11.wav */; settings = {ASSET_TAGS = (); }; };
		24A0820B1BE495DF002DCFA7 /* m_12.wav in Resources */ = {isa = PBXBuildFile; fileRef = 24A081F71BE495DF002DCFA7 /* m_12.wav */; settings = {ASSET_TAGS = (); }; };
		24A0820C1BE495DF002DCFA7 /* m_13.wav in Resources */ = {isa = PBXBuildFile; fileRef = 24A081F81BE495DF002DCFA7 /* m_13.wav */; settings = {ASSET_TAGS = (); }; };
		24A0820D1BE495DF002DCFA7 /* m_14.wav in Resources */ = {isa = PBXBuildFile; fileRef = 24A081F91BE495DF002DCFA7 /* m_14.wav */; settings = {ASSET_TAGS = (); }; };
		24A0820E1BE495DF002DCFA7 /* m_15.wav in Resources */ = {isa = PBXBuildFile; fileRef = 24A081FA1BE495DF002DCFA7 /* m_15.wav */; settings = {ASSET_TAGS = (); }; };
		24A0820F1BE495DF002DCFA7 /* m_16.wav in Resources */ = {isa = PBXBuildFile; fileRef = 24A081FB1BE495DF002DCFA7 /* m_16.wav */; settings = {ASSET_TAGS = (); }; };
		24A082101BE495DF002DCFA7 /* m_17.wav in Resources */ = {isa = PBXBuildFile; fileRef = 24A081FC1BE495DF002DCFA7 /* m_17.wav */; settings = {ASSET_TAGS = (); }; };
		24A082111BE495DF002DCFA7 /* normal.aac in Resources */ = {isa = PBXBuildFile; fileRef = 24A081FD1BE495DF002DCFA7 /* normal.aac */; settings = {ASSET_TAGS = (); }; };
		24A082121BE495DF002DCFA7 /* sendcard.aac in Resources */ = {isa = PBXBuildFile; fileRef = 24A081FE1BE495DF002DCFA7 /* sendcard.aac */; settings = {ASSET_TAGS = (); }; };
		24A082131BE495DF002DCFA7 /* win.aac in Resources */ = {isa = PBXBuildFile; fileRef = 24A081FF1BE495DF002DCFA7 /* win.aac */; settings = {ASSET_TAGS = (); }; };
		24A082161BE49D33002DCFA7 /* TSZAudioTool.m in Sources */ = {isa = PBXBuildFile; fileRef = 24A082151BE49D33002DCFA7 /* TSZAudioTool.m */; settings = {ASSET_TAGS = (); }; };
/* End PBXBuildFile section */

/* Begin PBXFileReference section */
		24A081D11BE48C90002DCFA7 /* PlaySound.app */ = {isa = PBXFileReference; explicitFileType = wrapper.application; includeInIndex = 0; path = PlaySound.app; sourceTree = BUILT_PRODUCTS_DIR; };
		24A081D51BE48C90002DCFA7 /* main.m */ = {isa = PBXFileReference; lastKnownFileType = sourcecode.c.objc; path = main.m; sourceTree = "<group>"; };
		24A081D71BE48C90002DCFA7 /* AppDelegate.h */ = {isa = PBXFileReference; lastKnownFileType = sourcecode.c.h; path = AppDelegate.h; sourceTree = "<group>"; };
		24A081D81BE48C90002DCFA7 /* AppDelegate.m */ = {isa = PBXFileReference; lastKnownFileType = sourcecode.c.objc; path = AppDelegate.m; sourceTree = "<group>"; };
		24A081DA1BE48C90002DCFA7 /* ViewController.h */ = {isa = PBXFileReference; lastKnownFileType = sourcecode.c.h; path = ViewController.h; sourceTree = "<group>"; };
		24A081DB1BE48C90002DCFA7 /* ViewController.m */ = {isa = PBXFileReference; lastKnownFileType = sourcecode.c.objc; path = ViewController.m; sourceTree = "<group>"; };
		24A081DE1BE48C90002DCFA7 /* Base */ = {isa = PBXFileReference; lastKnownFileType = file.storyboard; name = Base; path = Base.lproj/Main.storyboard; sourceTree = "<group>"; };
		24A081E01BE48C90002DCFA7 /* Assets.xcassets */ = {isa = PBXFileReference; lastKnownFileType = folder.assetcatalog; path = Assets.xcassets; sourceTree = "<group>"; };
		24A081E31BE48C90002DCFA7 /* Base */ = {isa = PBXFileReference; lastKnownFileType = file.storyboard; name = Base; path = Base.lproj/LaunchScreen.storyboard; sourceTree = "<group>"; };
		24A081E51BE48C90002DCFA7 /* Info.plist */ = {isa = PBXFileReference; lastKnownFileType = text.plist.xml; path = Info.plist; sourceTree = "<group>"; };
		24A081EC1BE495DF002DCFA7 /* buyao.wav */ = {isa = PBXFileReference; lastKnownFileType = audio.wav; path = buyao.wav; sourceTree = "<group>"; };
		24A081ED1BE495DF002DCFA7 /* lose.aac */ = {isa = PBXFileReference; lastKnownFileType = file; path = lose.aac; sourceTree = "<group>"; };
		24A081EE1BE495DF002DCFA7 /* m_03.wav */ = {isa = PBXFileReference; lastKnownFileType = audio.wav; path = m_03.wav; sourceTree = "<group>"; };
		24A081EF1BE495DF002DCFA7 /* m_04.wav */ = {isa = PBXFileReference; lastKnownFileType = audio.wav; path = m_04.wav; sourceTree = "<group>"; };
		24A081F01BE495DF002DCFA7 /* m_05.wav */ = {isa = PBXFileReference; lastKnownFileType = audio.wav; path = m_05.wav; sourceTree = "<group>"; };
		24A081F11BE495DF002DCFA7 /* m_06.wav */ = {isa = PBXFileReference; lastKnownFileType = audio.wav; path = m_06.wav; sourceTree = "<group>"; };
		24A081F21BE495DF002DCFA7 /* m_07.wav */ = {isa = PBXFileReference; lastKnownFileType = audio.wav; path = m_07.wav; sourceTree = "<group>"; };
		24A081F31BE495DF002DCFA7 /* m_08.wav */ = {isa = PBXFileReference; lastKnownFileType = audio.wav; path = m_08.wav; sourceTree = "<group>"; };
		24A081F41BE495DF002DCFA7 /* m_09.wav */ = {isa = PBXFileReference; lastKnownFileType = audio.wav; path = m_09.wav; sourceTree = "<group>"; };
		24A081F51BE495DF002DCFA7 /* m_10.wav */ = {isa = PBXFileReference; lastKnownFileType = audio.wav; path = m_10.wav; sourceTree = "<group>"; };
		24A081F61BE495DF002DCFA7 /* m_11.wav */ = {isa = PBXFileReference; lastKnownFileType = audio.wav; path = m_11.wav; sourceTree = "<group>"; };
		24A081F71BE495DF002DCFA7 /* m_12.wav */ = {isa = PBXFileReference; lastKnownFileType = audio.wav; path = m_12.wav; sourceTree = "<group>"; };
		24A081F81BE495DF002DCFA7 /* m_13.wav */ = {isa = PBXFileReference; lastKnownFileType = audio.wav; path = m_13.wav; sourceTree = "<group>"; };
		24A081F91BE495DF002DCFA7 /* m_14.wav */ = {isa = PBXFileReference; lastKnownFileType = audio.wav; path = m_14.wav; sourceTree = "<group>"; };
		24A081FA1BE495DF002DCFA7 /* m_15.wav */ = {isa = PBXFileReference; lastKnownFileType = audio.wav; path = m_15.wav; sourceTree = "<group>"; };
		24A081FB1BE495DF002DCFA7 /* m_16.wav */ = {isa = PBXFileReference; lastKnownFileType = audio.wav; path = m_16.wav; sourceTree = "<group>"; };
		24A081FC1BE495DF002DCFA7 /* m_17.wav */ = {isa = PBXFileReference; lastKnownFileType = audio.wav; path = m_17.wav; sourceTree = "<group>"; };
		24A081FD1BE495DF002DCFA7 /* normal.aac */ = {isa = PBXFileReference; lastKnownFileType = file; path = normal.aac; sourceTree = "<group>"; };
		24A081FE1BE495DF002DCFA7 /* sendcard.aac */ = {isa = PBXFileReference; lastKnownFileType = file; path = sendcard.aac; sourceTree = "<group>"; };
		24A081FF1BE495DF002DCFA7 /* win.aac */ = {isa = PBXFileReference; lastKnownFileType = file; path = win.aac; sourceTree = "<group>"; };
		24A082141BE49D33002DCFA7 /* TSZAudioTool.h */ = {isa = PBXFileReference; fileEncoding = 4; lastKnownFileType = sourcecode.c.h; path = TSZAudioTool.h; sourceTree = "<group>"; };
		24A082151BE49D33002DCFA7 /* TSZAudioTool.m */ = {isa = PBXFileReference; fileEncoding = 4; lastKnownFileType = sourcecode.c.objc; path = TSZAudioTool.m; sourceTree = "<group>"; };
/* End PBXFileReference section */

/* Begin PBXFrameworksBuildPhase section */
		24A081CE1BE48C90002DCFA7 /* Frameworks */ = {
			isa = PBXFrameworksBuildPhase;
			buildActionMask = 2147483647;
			files = (
			);
			runOnlyForDeploymentPostprocessing = 0;
		};
/* End PBXFrameworksBuildPhase section */

/* Begin PBXGroup section */
		24A081C81BE48C90002DCFA7 = {
			isa = PBXGroup;
			children = (
				24A081D31BE48C90002DCFA7 /* PlaySound */,
				24A081D21BE48C90002DCFA7 /* Products */,
			);
			sourceTree = "<group>";
		};
		24A081D21BE48C90002DCFA7 /* Products */ = {
			isa = PBXGroup;
			children = (
				24A081D11BE48C90002DCFA7 /* PlaySound.app */,
			);
			name = Products;
			sourceTree = "<group>";
		};
		24A081D31BE48C90002DCFA7 /* PlaySound */ = {
			isa = PBXGroup;
			children = (
				24A081D71BE48C90002DCFA7 /* AppDelegate.h */,
				24A082141BE49D33002DCFA7 /* TSZAudioTool.h */,
				24A082151BE49D33002DCFA7 /* TSZAudioTool.m */,
				24A081D81BE48C90002DCFA7 /* AppDelegate.m */,
				24A081DA1BE48C90002DCFA7 /* ViewController.h */,
				24A081DB1BE48C90002DCFA7 /* ViewController.m */,
				24A081DD1BE48C90002DCFA7 /* Main.storyboard */,
				24A081E01BE48C90002DCFA7 /* Assets.xcassets */,
				24A081E21BE48C90002DCFA7 /* LaunchScreen.storyboard */,
				24A081E51BE48C90002DCFA7 /* Info.plist */,
				24A081D41BE48C90002DCFA7 /* Supporting Files */,
			);
			path = PlaySound;
			sourceTree = "<group>";
		};
		24A081D41BE48C90002DCFA7 /* Supporting Files */ = {
			isa = PBXGroup;
			children = (
				24A081EB1BE495DF002DCFA7 /* 斗地主音频 */,
				24A081D51BE48C90002DCFA7 /* main.m */,
			);
			name = "Supporting Files";
			sourceTree = "<group>";
		};
		24A081EB1BE495DF002DCFA7 /* 斗地主音频 */ = {
			isa = PBXGroup;
			children = (
				24A081EC1BE495DF002DCFA7 /* buyao.wav */,
				24A081ED1BE495DF002DCFA7 /* lose.aac */,
				24A081EE1BE495DF002DCFA7 /* m_03.wav */,
				24A081EF1BE495DF002DCFA7 /* m_04.wav */,
				24A081F01BE495DF002DCFA7 /* m_05.wav */,
				24A081F11BE495DF002DCFA7 /* m_06.wav */,
				24A081F21BE495DF002DCFA7 /* m_07.wav */,
				24A081F31BE495DF002DCFA7 /* m_08.wav */,
				24A081F41BE495DF002DCFA7 /* m_09.wav */,
				24A081F51BE495DF002DCFA7 /* m_10.wav */,
				24A081F61BE495DF002DCFA7 /* m_11.wav */,
				24A081F71BE495DF002DCFA7 /* m_12.wav */,
				24A081F81BE495DF002DCFA7 /* m_13.wav */,
				24A081F91BE495DF002DCFA7 /* m_14.wav */,
				24A081FA1BE495DF002DCFA7 /* m_15.wav */,
				24A081FB1BE495DF002DCFA7 /* m_16.wav */,
				24A081FC1BE495DF002DCFA7 /* m_17.wav */,
				24A081FD1BE495DF002DCFA7 /* normal.aac */,
				24A081FE1BE495DF002DCFA7 /* sendcard.aac */,
				24A081FF1BE495DF002DCFA7 /* win.aac */,
			);
			path = "斗地主音频";
			sourceTree = "<group>";
		};
/* End PBXGroup section */

/* Begin PBXNativeTarget section */
		24A081D01BE48C90002DCFA7 /* PlaySound */ = {
			isa = PBXNativeTarget;
			buildConfigurationList = 24A081E81BE48C90002DCFA7 /* Build configuration list for PBXNativeTarget "PlaySound" */;
			buildPhases = (
				24A081CD1BE48C90002DCFA7 /* Sources */,
				24A081CE1BE48C90002DCFA7 /* Frameworks */,
				24A081CF1BE48C90002DCFA7 /* Resources */,
			);
			buildRules = (
			);
			dependencies = (
			);
			name = PlaySound;
			productName = PlaySound;
			productReference = 24A081D11BE48C90002DCFA7 /* PlaySound.app */;
			productType = "com.apple.product-type.application";
		};
/* End PBXNativeTarget section */

/* Begin PBXProject section */
		24A081C91BE48C90002DCFA7 /* Project object */ = {
			isa = PBXProject;
			attributes = {
				LastUpgradeCheck = 0700;
				ORGANIZATIONNAME = Tsz;
				TargetAttributes = {
					24A081D01BE48C90002DCFA7 = {
						CreatedOnToolsVersion = 7.0;
					};
				};
			};
			buildConfigurationList = 24A081CC1BE48C90002DCFA7 /* Build configuration list for PBXProject "PlaySound" */;
			compatibilityVersion = "Xcode 3.2";
			developmentRegion = English;
			hasScannedForEncodings = 0;
			knownRegions = (
				en,
				Base,
			);
			mainGroup = 24A081C81BE48C90002DCFA7;
			productRefGroup = 24A081D21BE48C90002DCFA7 /* Products */;
			projectDirPath = "";
			projectRoot = "";
			targets = (
				24A081D01BE48C90002DCFA7 /* PlaySound */,
			);
		};
/* End PBXProject section */

/* Begin PBXResourcesBuildPhase section */
		24A081CF1BE48C90002DCFA7 /* Resources */ = {
			isa = PBXResourcesBuildPhase;
			buildActionMask = 2147483647;
			files = (
				24A082101BE495DF002DCFA7 /* m_17.wav in Resources */,
				24A0820B1BE495DF002DCFA7 /* m_12.wav in Resources */,
				24A0820A1BE495DF002DCFA7 /* m_11.wav in Resources */,
				24A081E41BE48C90002DCFA7 /* LaunchScreen.storyboard in Resources */,
				24A082011BE495DF002DCFA7 /* lose.aac in Resources */,
				24A0820C1BE495DF002DCFA7 /* m_13.wav in Resources */,
				24A082001BE495DF002DCFA7 /* buyao.wav in Resources */,
				24A0820E1BE495DF002DCFA7 /* m_15.wav in Resources */,
				24A082071BE495DF002DCFA7 /* m_08.wav in Resources */,
				24A082091BE495DF002DCFA7 /* m_10.wav in Resources */,
				24A082021BE495DF002DCFA7 /* m_03.wav in Resources */,
				24A0820F1BE495DF002DCFA7 /* m_16.wav in Resources */,
				24A082111BE495DF002DCFA7 /* normal.aac in Resources */,
				24A082131BE495DF002DCFA7 /* win.aac in Resources */,
				24A081E11BE48C90002DCFA7 /* Assets.xcassets in Resources */,
				24A082061BE495DF002DCFA7 /* m_07.wav in Resources */,
				24A082041BE495DF002DCFA7 /* m_05.wav in Resources */,
				24A082051BE495DF002DCFA7 /* m_06.wav in Resources */,
				24A0820D1BE495DF002DCFA7 /* m_14.wav in Resources */,
				24A082081BE495DF002DCFA7 /* m_09.wav in Resources */,
				24A082121BE495DF002DCFA7 /* sendcard.aac in Resources */,
				24A081DF1BE48C90002DCFA7 /* Main.storyboard in Resources */,
				24A082031BE495DF002DCFA7 /* m_04.wav in Resources */,
			);
			runOnlyForDeploymentPostprocessing = 0;
		};
/* End PBXResourcesBuildPhase section */

/* Begin PBXSourcesBuildPhase section */
		24A081CD1BE48C90002DCFA7 /* Sources */ = {
			isa = PBXSourcesBuildPhase;
			buildActionMask = 2147483647;
			files = (
				24A081DC1BE48C90002DCFA7 /* ViewController.m in Sources */,
				24A081D91BE48C90002DCFA7 /* AppDelegate.m in Sources */,
				24A082161BE49D33002DCFA7 /* TSZAudioTool.m in Sources */,
				24A081D61BE48C90002DCFA7 /* main.m in Sources */,
			);
			runOnlyForDeploymentPostprocessing = 0;
		};
/* End PBXSourcesBuildPhase section */

/* Begin PBXVariantGroup section */
		24A081DD1BE48C90002DCFA7 /* Main.storyboard */ = {
			isa = PBXVariantGroup;
			children = (
				24A081DE1BE48C90002DCFA7 /* Base */,
			);
			name = Main.storyboard;
			sourceTree = "<group>";
		};
		24A081E21BE48C90002DCFA7 /* LaunchScreen.storyboard */ = {
			isa = PBXVariantGroup;
			children = (
				24A081E31BE48C90002DCFA7 /* Base */,
			);
			name = LaunchScreen.storyboard;
			sourceTree = "<group>";
		};
/* End PBXVariantGroup section */

/* Begin XCBuildConfiguration section */
		24A081E61BE48C90002DCFA7 /* Debug */ = {
			isa = XCBuildConfiguration;
			buildSettings = {
				ALWAYS_SEARCH_USER_PATHS = NO;
				CLANG_CXX_LANGUAGE_STANDARD = "gnu++0x";
				CLANG_CXX_LIBRARY = "libc++";
				CLANG_ENABLE_MODULES = YES;
				CLANG_ENABLE_OBJC_ARC = YES;
				CLANG_WARN_BOOL_CONVERSION = YES;
				CLANG_WARN_CONSTANT_CONVERSION = YES;
				CLANG_WARN_DIRECT_OBJC_ISA_USAGE = YES_ERROR;
				CLANG_WARN_EMPTY_BODY = YES;
				CLANG_WARN_ENUM_CONVERSION = YES;
				CLANG_WARN_INT_CONVERSION = YES;
				CLANG_WARN_OBJC_ROOT_CLASS = YES_ERROR;
				CLANG_WARN_UNREACHABLE_CODE = YES;
				CLANG_WARN__DUPLICATE_METHOD_MATCH = YES;
				"CODE_SIGN_IDENTITY[sdk=iphoneos*]" = "iPhone Developer";
				COPY_PHASE_STRIP = NO;
				DEBUG_INFORMATION_FORMAT = dwarf;
				ENABLE_STRICT_OBJC_MSGSEND = YES;
				ENABLE_TESTABILITY = YES;
				GCC_C_LANGUAGE_STANDARD = gnu99;
				GCC_DYNAMIC_NO_PIC = NO;
				GCC_NO_COMMON_BLOCKS = YES;
				GCC_OPTIMIZATION_LEVEL = 0;
				GCC_PREPROCESSOR_DEFINITIONS = (
					"DEBUG=1",
					"$(inherited)",
				);
				GCC_WARN_64_TO_32_BIT_CONVERSION = YES;
				GCC_WARN_ABOUT_RETURN_TYPE = YES_ERROR;
				GCC_WARN_UNDECLARED_SELECTOR = YES;
				GCC_WARN_UNINITIALIZED_AUTOS = YES_AGGRESSIVE;
				GCC_WARN_UNUSED_FUNCTION = YES;
				GCC_WARN_UNUSED_VARIABLE = YES;
				IPHONEOS_DEPLOYMENT_TARGET = 9.0;
				MTL_ENABLE_DEBUG_INFO = YES;
				ONLY_ACTIVE_ARCH = YES;
				SDKROOT = iphoneos;
				TARGETED_DEVICE_FAMILY = "1,2";
			};
			name = Debug;
		};
		24A081E71BE48C90002DCFA7 /* Release */ = {
			isa = XCBuildConfiguration;
			buildSettings = {
				ALWAYS_SEARCH_USER_PATHS = NO;
				CLANG_CXX_LANGUAGE_STANDARD = "gnu++0x";
				CLANG_CXX_LIBRARY = "libc++";
				CLANG_ENABLE_MODULES = YES;
				CLANG_ENABLE_OBJC_ARC = YES;
				CLANG_WARN_BOOL_CONVERSION = YES;
				CLANG_WARN_CONSTANT_CONVERSION = YES;
				CLANG_WARN_DIRECT_OBJC_ISA_USAGE = YES_ERROR;
				CLANG_WARN_EMPTY_BODY = YES;
				CLANG_WARN_ENUM_CONVERSION = YES;
				CLANG_WARN_INT_CONVERSION = YES;
				CLANG_WARN_OBJC_ROOT_CLASS = YES_ERROR;
				CLANG_WARN_UNREACHABLE_CODE = YES;
				CLANG_WARN__DUPLICATE_METHOD_MATCH = YES;
				"CODE_SIGN_IDENTITY[sdk=iphoneos*]" = "iPhone Developer";
				COPY_PHASE_STRIP = NO;
				DEBUG_INFORMATION_FORMAT = "dwarf-with-dsym";
				ENABLE_NS_ASSERTIONS = NO;
				ENABLE_STRICT_OBJC_MSGSEND = YES;
				GCC_C_LANGUAGE_STANDARD = gnu99;
				GCC_NO_COMMON_BLOCKS = YES;
				GCC_WARN_64_TO_32_BIT_CONVERSION = YES;
				GCC_WARN_ABOUT_RETURN_TYPE = YES_ERROR;
				GCC_WARN_UNDECLARED_SELECTOR = YES;
				GCC_WARN_UNINITIALIZED_AUTOS = YES_AGGRESSIVE;
				GCC_WARN_UNUSED_FUNCTION = YES;
				GCC_WARN_UNUSED_VARIABLE = YES;
				IPHONEOS_DEPLOYMENT_TARGET = 9.0;
				MTL_ENABLE_DEBUG_INFO = NO;
				SDKROOT = iphoneos;
				TARGETED_DEVICE_FAMILY = "1,2";
				VALIDATE_PRODUCT = YES;
			};
			name = Release;
		};
		24A081E91BE48C90002DCFA7 /* Debug */ = {
			isa = XCBuildConfiguration;
			buildSettings = {
				ASSETCATALOG_COMPILER_APPICON_NAME = AppIcon;
				INFOPLIST_FILE = PlaySound/Info.plist;
				LD_RUNPATH_SEARCH_PATHS = "$(inherited) @executable_path/Frameworks";
				PRODUCT_BUNDLE_IDENTIFIER = tsz.PlaySound;
				PRODUCT_NAME = "$(TARGET_NAME)";
			};
			name = Debug;
		};
		24A081EA1BE48C90002DCFA7 /* Release */ = {
			isa = XCBuildConfiguration;
			buildSettings = {
				ASSETCATALOG_COMPILER_APPICON_NAME = AppIcon;
				INFOPLIST_FILE = PlaySound/Info.plist;
				LD_RUNPATH_SEARCH_PATHS = "$(inherited) @executable_path/Frameworks";
				PRODUCT_BUNDLE_IDENTIFIER = tsz.PlaySound;
				PRODUCT_NAME = "$(TARGET_NAME)";
			};
			name = Release;
		};
/* End XCBuildConfiguration section */

/* Begin XCConfigurationList section */
		24A081CC1BE48C90002DCFA7 /* Build configuration list for PBXProject "PlaySound" */ = {
			isa = XCConfigurationList;
			buildConfigurations = (
				24A081E61BE48C90002DCFA7 /* Debug */,
				24A081E71BE48C90002DCFA7 /* Release */,
			);
			defaultConfigurationIsVisible = 0;
			defaultConfigurationName = Release;
		};
		24A081E81BE48C90002DCFA7 /* Build configuration list for PBXNativeTarget "PlaySound" */ = {
			isa = XCConfigurationList;
			buildConfigurations = (
				24A081E91BE48C90002DCFA7 /* Debug */,
				24A081EA1BE48C90002DCFA7 /* Release */,
			);
			defaultConfigurationIsVisible = 0;
		};
/* End XCConfigurationList section */
	};
	rootObject = 24A081C91BE48C90002DCFA7 /* Project object */;
}
